
Microsoft Visual Studio Solution File, Format Version 12.00
# Visual Studio 15
VisualStudioVersion = 15.0.28307.757
MinimumVisualStudioVersion = 10.0.40219.1
Project("{FAE04EC0-301F-11D3-BF4B-00C04F79EFBC}") = "testForEducationErp", "testForEducationErp\testForEducationErp.csproj", "{CE6F6A6C-1F41-4022-80B7-2D5D3ED55E90}"
EndProject
Global
	GlobalSection(SolutionConfigurationPlatforms) = preSolution
		Debug|Any CPU = Debug|Any CPU
		Release|Any CPU = Release|Any CPU
	EndGlobalSection
	GlobalSection(ProjectConfigurationPlatforms) = postSolution
		{CE6F6A6C-1F41-4022-80B7-2D5D3ED55E90}.Debug|Any CPU.ActiveCfg = Debug|Any CPU
		{CE6F6A6C-1F41-4022-80B7-2D5D3ED55E90}.Debug|Any CPU.Build.0 = Debug|Any CPU
		{CE6F6A6C-1F41-4022-80B7-2D5D3ED55E90}.Release|Any CPU.ActiveCfg = Release|Any CPU
		{CE6F6A6C-1F41-4022-80B7-2D5D3ED55E90}.Release|Any CPU.Build.0 = Release|Any CPU
	EndGlobalSection
	GlobalSection(SolutionProperties) = preSolution
		HideSolutionNode = FALSE
	EndGlobalSection
	GlobalSection(ExtensibilityGlobals) = postSolution
		SolutionGuid = {1EA762EB-5396-4089-AEF9-07266C342664}
	EndGlobalSection
EndGlobal
